
Microsoft Visual Studio Solution File, Format Version 12.00
# Visual Studio 15
Project("{FAE04EC0-301F-11D3-BF4B-00C04F79EFBC}") = "Assembly-CSharp", "Assembly-CSharp.csproj", "{DFAE41DC-DCC9-66C7-8237-63865239FF45}"
EndProject
Project("{FAE04EC0-301F-11D3-BF4B-00C04F79EFBC}") = "Assembly-CSharp-Editor", "Assembly-CSharp-Editor.csproj", "{2A6C377E-D54F-44AE-4E3C-5D162041CBB3}"
EndProject
Global
	GlobalSection(SolutionConfigurationPlatforms) = preSolution
		Debug|Any CPU = Debug|Any CPU
		Release|Any CPU = Release|Any CPU
	EndGlobalSection
	GlobalSection(ProjectConfigurationPlatforms) = postSolution
		{DFAE41DC-DCC9-66C7-8237-63865239FF45}.Debug|Any CPU.ActiveCfg = Debug|Any CPU
		{DFAE41DC-DCC9-66C7-8237-63865239FF45}.Debug|Any CPU.Build.0 = Debug|Any CPU
		{DFAE41DC-DCC9-66C7-8237-63865239FF45}.Release|Any CPU.ActiveCfg = Release|Any CPU
		{DFAE41DC-DCC9-66C7-8237-63865239FF45}.Release|Any CPU.Build.0 = Release|Any CPU
		{2A6C377E-D54F-44AE-4E3C-5D162041CBB3}.Debug|Any CPU.ActiveCfg = Debug|Any CPU
		{2A6C377E-D54F-44AE-4E3C-5D162041CBB3}.Debug|Any CPU.Build.0 = Debug|Any CPU
		{2A6C377E-D54F-44AE-4E3C-5D162041CBB3}.Release|Any CPU.ActiveCfg = Release|Any CPU
		{2A6C377E-D54F-44AE-4E3C-5D162041CBB3}.Release|Any CPU.Build.0 = Release|Any CPU
	EndGlobalSection
	GlobalSection(SolutionProperties) = preSolution
		HideSolutionNode = FALSE
	EndGlobalSection
EndGlobal
